{
  "name": "ReactNative",
  "lockfileVersion": 3,
  "requires": true,
  "packages": {
    "": {
      "dependencies": {
        "react-native-tflite": "^0.0.2"
      }
    },
    "node_modules/react-native-tflite": {
      "version": "0.0.2",
      "resolved": "https://registry.npmjs.org/react-native-tflite/-/react-native-tflite-0.0.2.tgz",
      "integrity": "sha512-D5m+/NrrgsAiF6cHdw/9qO9Z10B9J783cyylVl5fGnalThENMk+keVXgXEiJ4bvL1NZbDEpSOgr9zpH2ZTT/VA=="
    }
  }
}
